// !$*UTF8*$!
{
	archiveVersion = 1;
	classes = {
	};
	objectVersion = 46;
	objects = {

/* Begin PBXBuildFile section */
		16F1EAA70370158DEE8E8C41 /* Pods_athic_community.framework in Frameworks */ = {isa = PBXBuildFile; fileRef = 84C298D1750EE708322E0CB5 /* Pods_athic_community.framework */; };
		8535A1CE1D894D53008373F3 /* CustomCirkelView.swift in Sources */ = {isa = PBXBuildFile; fileRef = 8535A1CD1D894D53008373F3 /* CustomCirkelView.swift */; };
		8555988B1D91AB970004C698 /* Post.swift in Sources */ = {isa = PBXBuildFile; fileRef = 8555988A1D91AB970004C698 /* Post.swift */; };
		855AFDF91D7EB77800BB5AB2 /* AppDelegate.swift in Sources */ = {isa = PBXBuildFile; fileRef = 855AFDF81D7EB77800BB5AB2 /* AppDelegate.swift */; };
		855AFDFB1D7EB77800BB5AB2 /* SignInVC.swift in Sources */ = {isa = PBXBuildFile; fileRef = 855AFDFA1D7EB77800BB5AB2 /* SignInVC.swift */; };
		855AFDFE1D7EB77800BB5AB2 /* Main.storyboard in Resources */ = {isa = PBXBuildFile; fileRef = 855AFDFC1D7EB77800BB5AB2 /* Main.storyboard */; };
		855AFE001D7EB77800BB5AB2 /* Assets.xcassets in Resources */ = {isa = PBXBuildFile; fileRef = 855AFDFF1D7EB77800BB5AB2 /* Assets.xcassets */; };
		855AFE031D7EB77800BB5AB2 /* LaunchScreen.storyboard in Resources */ = {isa = PBXBuildFile; fileRef = 855AFE011D7EB77800BB5AB2 /* LaunchScreen.storyboard */; };
		855AFE0B1D7EB83600BB5AB2 /* GoogleService-Info.plist in Resources */ = {isa = PBXBuildFile; fileRef = 855AFE0A1D7EB83600BB5AB2 /* GoogleService-Info.plist */; };
		855AFE101D7EC75B00BB5AB2 /* CustomView.swift in Sources */ = {isa = PBXBuildFile; fileRef = 855AFE0F1D7EC75B00BB5AB2 /* CustomView.swift */; };
		855AFE131D7EC7E600BB5AB2 /* Constants.swift in Sources */ = {isa = PBXBuildFile; fileRef = 855AFE121D7EC7E600BB5AB2 /* Constants.swift */; };
		855AFE151D7EC9A200BB5AB2 /* CustomButton.swift in Sources */ = {isa = PBXBuildFile; fileRef = 855AFE141D7EC9A200BB5AB2 /* CustomButton.swift */; };
		855AFE171D7ECB1300BB5AB2 /* CustomTextField.swift in Sources */ = {isa = PBXBuildFile; fileRef = 855AFE161D7ECB1300BB5AB2 /* CustomTextField.swift */; };
		855AFE191D7ECC4600BB5AB2 /* CustomSignInButton.swift in Sources */ = {isa = PBXBuildFile; fileRef = 855AFE181D7ECC4600BB5AB2 /* CustomSignInButton.swift */; };
		856758FD1D895A6A000A02A5 /* PostCell.swift in Sources */ = {isa = PBXBuildFile; fileRef = 856758FC1D895A6A000A02A5 /* PostCell.swift */; };
		85A966B01D8FD7C200D0E2D2 /* DataService.swift in Sources */ = {isa = PBXBuildFile; fileRef = 85A966AF1D8FD7C200D0E2D2 /* DataService.swift */; };
		85D8CBD41D80A90000DD4FB6 /* FeedVC.swift in Sources */ = {isa = PBXBuildFile; fileRef = 85D8CBD31D80A90000DD4FB6 /* FeedVC.swift */; };
/* End PBXBuildFile section */

/* Begin PBXFileReference section */
		5B94DBFF04B5F2748F6EC4DB /* Pods-athic-community.debug.xcconfig */ = {isa = PBXFileReference; includeInIndex = 1; lastKnownFileType = text.xcconfig; name = "Pods-athic-community.debug.xcconfig"; path = "Pods/Target Support Files/Pods-athic-community/Pods-athic-community.debug.xcconfig"; sourceTree = "<group>"; };
		84C298D1750EE708322E0CB5 /* Pods_athic_community.framework */ = {isa = PBXFileReference; explicitFileType = wrapper.framework; includeInIndex = 0; path = Pods_athic_community.framework; sourceTree = BUILT_PRODUCTS_DIR; };
		850F33D51D8086AD005B667B /* athic-community.entitlements */ = {isa = PBXFileReference; lastKnownFileType = text.plist.entitlements; path = "athic-community.entitlements"; sourceTree = "<group>"; };
		8535A1CD1D894D53008373F3 /* CustomCirkelView.swift */ = {isa = PBXFileReference; fileEncoding = 4; lastKnownFileType = sourcecode.swift; path = CustomCirkelView.swift; sourceTree = "<group>"; };
		8555988A1D91AB970004C698 /* Post.swift */ = {isa = PBXFileReference; fileEncoding = 4; lastKnownFileType = sourcecode.swift; path = Post.swift; sourceTree = "<group>"; };
		855AFDF51D7EB77800BB5AB2 /* athic-community.app */ = {isa = PBXFileReference; explicitFileType = wrapper.application; includeInIndex = 0; path = "athic-community.app"; sourceTree = BUILT_PRODUCTS_DIR; };
		855AFDF81D7EB77800BB5AB2 /* AppDelegate.swift */ = {isa = PBXFileReference; lastKnownFileType = sourcecode.swift; path = AppDelegate.swift; sourceTree = "<group>"; };
		855AFDFA1D7EB77800BB5AB2 /* SignInVC.swift */ = {isa = PBXFileReference; lastKnownFileType = sourcecode.swift; path = SignInVC.swift; sourceTree = "<group>"; };
		855AFDFD1D7EB77800BB5AB2 /* Base */ = {isa = PBXFileReference; lastKnownFileType = file.storyboard; name = Base; path = Base.lproj/Main.storyboard; sourceTree = "<group>"; };
		855AFDFF1D7EB77800BB5AB2 /* Assets.xcassets */ = {isa = PBXFileReference; lastKnownFileType = folder.assetcatalog; path = Assets.xcassets; sourceTree = "<group>"; };
		855AFE021D7EB77800BB5AB2 /* Base */ = {isa = PBXFileReference; lastKnownFileType = file.storyboard; name = Base; path = Base.lproj/LaunchScreen.storyboard; sourceTree = "<group>"; };
		855AFE041D7EB77800BB5AB2 /* Info.plist */ = {isa = PBXFileReference; lastKnownFileType = text.plist.xml; path = Info.plist; sourceTree = "<group>"; };
		855AFE0A1D7EB83600BB5AB2 /* GoogleService-Info.plist */ = {isa = PBXFileReference; fileEncoding = 4; lastKnownFileType = text.plist.xml; path = "GoogleService-Info.plist"; sourceTree = "<group>"; };
		855AFE0F1D7EC75B00BB5AB2 /* CustomView.swift */ = {isa = PBXFileReference; fileEncoding = 4; lastKnownFileType = sourcecode.swift; path = CustomView.swift; sourceTree = "<group>"; };
		855AFE121D7EC7E600BB5AB2 /* Constants.swift */ = {isa = PBXFileReference; fileEncoding = 4; lastKnownFileType = sourcecode.swift; path = Constants.swift; sourceTree = "<group>"; };
		855AFE141D7EC9A200BB5AB2 /* CustomButton.swift */ = {isa = PBXFileReference; fileEncoding = 4; lastKnownFileType = sourcecode.swift; path = CustomButton.swift; sourceTree = "<group>"; };
		855AFE161D7ECB1300BB5AB2 /* CustomTextField.swift */ = {isa = PBXFileReference; fileEncoding = 4; lastKnownFileType = sourcecode.swift; path = CustomTextField.swift; sourceTree = "<group>"; };
		855AFE181D7ECC4600BB5AB2 /* CustomSignInButton.swift */ = {isa = PBXFileReference; fileEncoding = 4; lastKnownFileType = sourcecode.swift; path = CustomSignInButton.swift; sourceTree = "<group>"; };
		856758FC1D895A6A000A02A5 /* PostCell.swift */ = {isa = PBXFileReference; fileEncoding = 4; lastKnownFileType = sourcecode.swift; path = PostCell.swift; sourceTree = "<group>"; };
		85A966AF1D8FD7C200D0E2D2 /* DataService.swift */ = {isa = PBXFileReference; fileEncoding = 4; lastKnownFileType = sourcecode.swift; path = DataService.swift; sourceTree = "<group>"; };
		85D8CBD31D80A90000DD4FB6 /* FeedVC.swift */ = {isa = PBXFileReference; fileEncoding = 4; lastKnownFileType = sourcecode.swift; path = FeedVC.swift; sourceTree = "<group>"; };
		FB211A8F522D8CAC0BA6C326 /* Pods-athic-community.release.xcconfig */ = {isa = PBXFileReference; includeInIndex = 1; lastKnownFileType = text.xcconfig; name = "Pods-athic-community.release.xcconfig"; path = "Pods/Target Support Files/Pods-athic-community/Pods-athic-community.release.xcconfig"; sourceTree = "<group>"; };
/* End PBXFileReference section */

/* Begin PBXFrameworksBuildPhase section */
		855AFDF21D7EB77800BB5AB2 /* Frameworks */ = {
			isa = PBXFrameworksBuildPhase;
			buildActionMask = 2147483647;
			files = (
				16F1EAA70370158DEE8E8C41 /* Pods_athic_community.framework in Frameworks */,
			);
			runOnlyForDeploymentPostprocessing = 0;
		};
/* End PBXFrameworksBuildPhase section */

/* Begin PBXGroup section */
		2D95A120E57B981CB48125A6 /* Frameworks */ = {
			isa = PBXGroup;
			children = (
				84C298D1750EE708322E0CB5 /* Pods_athic_community.framework */,
			);
			name = Frameworks;
			sourceTree = "<group>";
		};
		855AFDEC1D7EB77800BB5AB2 = {
			isa = PBXGroup;
			children = (
				855AFDF71D7EB77800BB5AB2 /* athic-community */,
				855AFDF61D7EB77800BB5AB2 /* Products */,
				EF3FE8DDFD9BA581463127D0 /* Pods */,
				2D95A120E57B981CB48125A6 /* Frameworks */,
			);
			sourceTree = "<group>";
		};
		855AFDF61D7EB77800BB5AB2 /* Products */ = {
			isa = PBXGroup;
			children = (
				855AFDF51D7EB77800BB5AB2 /* athic-community.app */,
			);
			name = Products;
			sourceTree = "<group>";
		};
		855AFDF71D7EB77800BB5AB2 /* athic-community */ = {
			isa = PBXGroup;
			children = (
				850F33D51D8086AD005B667B /* athic-community.entitlements */,
				85A966AE1D8FD7A400D0E2D2 /* Services */,
				855AFE111D7EC7D700BB5AB2 /* Utilities */,
				855AFE0E1D7EB85500BB5AB2 /* Model */,
				855AFE0D1D7EB85000BB5AB2 /* View */,
				855AFE0C1D7EB84700BB5AB2 /* Controller */,
				855AFDF81D7EB77800BB5AB2 /* AppDelegate.swift */,
				855AFDFC1D7EB77800BB5AB2 /* Main.storyboard */,
				855AFDFF1D7EB77800BB5AB2 /* Assets.xcassets */,
				855AFE011D7EB77800BB5AB2 /* LaunchScreen.storyboard */,
				855AFE041D7EB77800BB5AB2 /* Info.plist */,
				855AFE0A1D7EB83600BB5AB2 /* GoogleService-Info.plist */,
			);
			path = "athic-community";
			sourceTree = "<group>";
		};
		855AFE0C1D7EB84700BB5AB2 /* Controller */ = {
			isa = PBXGroup;
			children = (
				855AFDFA1D7EB77800BB5AB2 /* SignInVC.swift */,
				85D8CBD31D80A90000DD4FB6 /* FeedVC.swift */,
			);
			name = Controller;
			sourceTree = "<group>";
		};
		855AFE0D1D7EB85000BB5AB2 /* View */ = {
			isa = PBXGroup;
			children = (
				855AFE0F1D7EC75B00BB5AB2 /* CustomView.swift */,
				855AFE141D7EC9A200BB5AB2 /* CustomButton.swift */,
				855AFE161D7ECB1300BB5AB2 /* CustomTextField.swift */,
				855AFE181D7ECC4600BB5AB2 /* CustomSignInButton.swift */,
				8535A1CD1D894D53008373F3 /* CustomCirkelView.swift */,
				856758FC1D895A6A000A02A5 /* PostCell.swift */,
			);
			name = View;
			sourceTree = "<group>";
		};
		855AFE0E1D7EB85500BB5AB2 /* Model */ = {
			isa = PBXGroup;
			children = (
				8555988A1D91AB970004C698 /* Post.swift */,
			);
			name = Model;
			sourceTree = "<group>";
		};
		855AFE111D7EC7D700BB5AB2 /* Utilities */ = {
			isa = PBXGroup;
			children = (
				855AFE121D7EC7E600BB5AB2 /* Constants.swift */,
			);
			name = Utilities;
			sourceTree = "<group>";
		};
		85A966AE1D8FD7A400D0E2D2 /* Services */ = {
			isa = PBXGroup;
			children = (
				85A966AF1D8FD7C200D0E2D2 /* DataService.swift */,
			);
			name = Services;
			sourceTree = "<group>";
		};
		EF3FE8DDFD9BA581463127D0 /* Pods */ = {
			isa = PBXGroup;
			children = (
				5B94DBFF04B5F2748F6EC4DB /* Pods-athic-community.debug.xcconfig */,
				FB211A8F522D8CAC0BA6C326 /* Pods-athic-community.release.xcconfig */,
			);
			name = Pods;
			sourceTree = "<group>";
		};
/* End PBXGroup section */

/* Begin PBXNativeTarget section */
		855AFDF41D7EB77800BB5AB2 /* athic-community */ = {
			isa = PBXNativeTarget;
			buildConfigurationList = 855AFE071D7EB77800BB5AB2 /* Build configuration list for PBXNativeTarget "athic-community" */;
			buildPhases = (
				245670D8E6512EC1E0232033 /* [CP] Check Pods Manifest.lock */,
				855AFDF11D7EB77800BB5AB2 /* Sources */,
				855AFDF21D7EB77800BB5AB2 /* Frameworks */,
				855AFDF31D7EB77800BB5AB2 /* Resources */,
				E23F01A2182284CD52C4729E /* [CP] Embed Pods Frameworks */,
				576FF6BBE555442A5282E71E /* [CP] Copy Pods Resources */,
			);
			buildRules = (
			);
			dependencies = (
			);
			name = "athic-community";
			productName = "athic-community";
			productReference = 855AFDF51D7EB77800BB5AB2 /* athic-community.app */;
			productType = "com.apple.product-type.application";
		};
/* End PBXNativeTarget section */

/* Begin PBXProject section */
		855AFDED1D7EB77800BB5AB2 /* Project object */ = {
			isa = PBXProject;
			attributes = {
				LastSwiftUpdateCheck = 0800;
				LastUpgradeCheck = 0800;
				ORGANIZATIONNAME = "Mark Booster";
				TargetAttributes = {
					855AFDF41D7EB77800BB5AB2 = {
						CreatedOnToolsVersion = 8.0;
						DevelopmentTeam = M4FJ98DE97;
						LastSwiftMigration = 0800;
						ProvisioningStyle = Automatic;
						SystemCapabilities = {
							com.apple.Keychain = {
								enabled = 1;
							};
						};
					};
				};
			};
			buildConfigurationList = 855AFDF01D7EB77800BB5AB2 /* Build configuration list for PBXProject "athic-community" */;
			compatibilityVersion = "Xcode 3.2";
			developmentRegion = English;
			hasScannedForEncodings = 0;
			knownRegions = (
				en,
				Base,
			);
			mainGroup = 855AFDEC1D7EB77800BB5AB2;
			productRefGroup = 855AFDF61D7EB77800BB5AB2 /* Products */;
			projectDirPath = "";
			projectRoot = "";
			targets = (
				855AFDF41D7EB77800BB5AB2 /* athic-community */,
			);
		};
/* End PBXProject section */

/* Begin PBXResourcesBuildPhase section */
		855AFDF31D7EB77800BB5AB2 /* Resources */ = {
			isa = PBXResourcesBuildPhase;
			buildActionMask = 2147483647;
			files = (
				855AFE031D7EB77800BB5AB2 /* LaunchScreen.storyboard in Resources */,
				855AFE001D7EB77800BB5AB2 /* Assets.xcassets in Resources */,
				855AFDFE1D7EB77800BB5AB2 /* Main.storyboard in Resources */,
				855AFE0B1D7EB83600BB5AB2 /* GoogleService-Info.plist in Resources */,
			);
			runOnlyForDeploymentPostprocessing = 0;
		};
/* End PBXResourcesBuildPhase section */

/* Begin PBXShellScriptBuildPhase section */
		245670D8E6512EC1E0232033 /* [CP] Check Pods Manifest.lock */ = {
			isa = PBXShellScriptBuildPhase;
			buildActionMask = 2147483647;
			files = (
			);
			inputPaths = (
			);
			name = "[CP] Check Pods Manifest.lock";
			outputPaths = (
			);
			runOnlyForDeploymentPostprocessing = 0;
			shellPath = /bin/sh;
			shellScript = "diff \"${PODS_ROOT}/../Podfile.lock\" \"${PODS_ROOT}/Manifest.lock\" > /dev/null\nif [[ $? != 0 ]] ; then\n    cat << EOM\nerror: The sandbox is not in sync with the Podfile.lock. Run 'pod install' or update your CocoaPods installation.\nEOM\n    exit 1\nfi\n";
			showEnvVarsInLog = 0;
		};
		576FF6BBE555442A5282E71E /* [CP] Copy Pods Resources */ = {
			isa = PBXShellScriptBuildPhase;
			buildActionMask = 2147483647;
			files = (
			);
			inputPaths = (
			);
			name = "[CP] Copy Pods Resources";
			outputPaths = (
			);
			runOnlyForDeploymentPostprocessing = 0;
			shellPath = /bin/sh;
			shellScript = "\"${SRCROOT}/Pods/Target Support Files/Pods-athic-community/Pods-athic-community-resources.sh\"\n";
			showEnvVarsInLog = 0;
		};
		E23F01A2182284CD52C4729E /* [CP] Embed Pods Frameworks */ = {
			isa = PBXShellScriptBuildPhase;
			buildActionMask = 2147483647;
			files = (
			);
			inputPaths = (
			);
			name = "[CP] Embed Pods Frameworks";
			outputPaths = (
			);
			runOnlyForDeploymentPostprocessing = 0;
			shellPath = /bin/sh;
			shellScript = "\"${SRCROOT}/Pods/Target Support Files/Pods-athic-community/Pods-athic-community-frameworks.sh\"\n";
			showEnvVarsInLog = 0;
		};
/* End PBXShellScriptBuildPhase section */

/* Begin PBXSourcesBuildPhase section */
		855AFDF11D7EB77800BB5AB2 /* Sources */ = {
			isa = PBXSourcesBuildPhase;
			buildActionMask = 2147483647;
			files = (
				855AFE191D7ECC4600BB5AB2 /* CustomSignInButton.swift in Sources */,
				855AFE101D7EC75B00BB5AB2 /* CustomView.swift in Sources */,
				855AFDFB1D7EB77800BB5AB2 /* SignInVC.swift in Sources */,
				8555988B1D91AB970004C698 /* Post.swift in Sources */,
				855AFE171D7ECB1300BB5AB2 /* CustomTextField.swift in Sources */,
				85D8CBD41D80A90000DD4FB6 /* FeedVC.swift in Sources */,
				85A966B01D8FD7C200D0E2D2 /* DataService.swift in Sources */,
				8535A1CE1D894D53008373F3 /* CustomCirkelView.swift in Sources */,
				855AFDF91D7EB77800BB5AB2 /* AppDelegate.swift in Sources */,
				855AFE131D7EC7E600BB5AB2 /* Constants.swift in Sources */,
				855AFE151D7EC9A200BB5AB2 /* CustomButton.swift in Sources */,
				856758FD1D895A6A000A02A5 /* PostCell.swift in Sources */,
			);
			runOnlyForDeploymentPostprocessing = 0;
		};
/* End PBXSourcesBuildPhase section */

/* Begin PBXVariantGroup section */
		855AFDFC1D7EB77800BB5AB2 /* Main.storyboard */ = {
			isa = PBXVariantGroup;
			children = (
				855AFDFD1D7EB77800BB5AB2 /* Base */,
			);
			name = Main.storyboard;
			sourceTree = "<group>";
		};
		855AFE011D7EB77800BB5AB2 /* LaunchScreen.storyboard */ = {
			isa = PBXVariantGroup;
			children = (
				855AFE021D7EB77800BB5AB2 /* Base */,
			);
			name = LaunchScreen.storyboard;
			sourceTree = "<group>";
		};
/* End PBXVariantGroup section */

/* Begin XCBuildConfiguration section */
		855AFE051D7EB77800BB5AB2 /* Debug */ = {
			isa = XCBuildConfiguration;
			buildSettings = {
				ALWAYS_SEARCH_USER_PATHS = NO;
				CLANG_ANALYZER_NONNULL = YES;
				CLANG_CXX_LANGUAGE_STANDARD = "gnu++0x";
				CLANG_CXX_LIBRARY = "libc++";
				CLANG_ENABLE_MODULES = YES;
				CLANG_ENABLE_OBJC_ARC = YES;
				CLANG_WARN_BOOL_CONVERSION = YES;
				CLANG_WARN_CONSTANT_CONVERSION = YES;
				CLANG_WARN_DIRECT_OBJC_ISA_USAGE = YES_ERROR;
				CLANG_WARN_DOCUMENTATION_COMMENTS = YES;
				CLANG_WARN_EMPTY_BODY = YES;
				CLANG_WARN_ENUM_CONVERSION = YES;
				CLANG_WARN_INFINITE_RECURSION = YES;
				CLANG_WARN_INT_CONVERSION = YES;
				CLANG_WARN_OBJC_ROOT_CLASS = YES_ERROR;
				CLANG_WARN_SUSPICIOUS_MOVE = YES;
				CLANG_WARN_SUSPICIOUS_MOVES = YES;
				CLANG_WARN_UNREACHABLE_CODE = YES;
				CLANG_WARN__DUPLICATE_METHOD_MATCH = YES;
				"CODE_SIGN_IDENTITY[sdk=iphoneos*]" = "iPhone Developer";
				COPY_PHASE_STRIP = NO;
				DEBUG_INFORMATION_FORMAT = dwarf;
				ENABLE_STRICT_OBJC_MSGSEND = YES;
				ENABLE_TESTABILITY = YES;
				GCC_C_LANGUAGE_STANDARD = gnu99;
				GCC_DYNAMIC_NO_PIC = NO;
				GCC_NO_COMMON_BLOCKS = YES;
				GCC_OPTIMIZATION_LEVEL = 0;
				GCC_PREPROCESSOR_DEFINITIONS = (
					"DEBUG=1",
					"$(inherited)",
				);
				GCC_WARN_64_TO_32_BIT_CONVERSION = YES;
				GCC_WARN_ABOUT_RETURN_TYPE = YES_ERROR;
				GCC_WARN_UNDECLARED_SELECTOR = YES;
				GCC_WARN_UNINITIALIZED_AUTOS = YES_AGGRESSIVE;
				GCC_WARN_UNUSED_FUNCTION = YES;
				GCC_WARN_UNUSED_VARIABLE = YES;
				IPHONEOS_DEPLOYMENT_TARGET = 10.0;
				MTL_ENABLE_DEBUG_INFO = YES;
				ONLY_ACTIVE_ARCH = YES;
				SDKROOT = iphoneos;
				SWIFT_ACTIVE_COMPILATION_CONDITIONS = DEBUG;
				SWIFT_OPTIMIZATION_LEVEL = "-Onone";
				TARGETED_DEVICE_FAMILY = "1,2";
			};
			name = Debug;
		};
		855AFE061D7EB77800BB5AB2 /* Release */ = {
			isa = XCBuildConfiguration;
			buildSettings = {
				ALWAYS_SEARCH_USER_PATHS = NO;
				CLANG_ANALYZER_NONNULL = YES;
				CLANG_CXX_LANGUAGE_STANDARD = "gnu++0x";
				CLANG_CXX_LIBRARY = "libc++";
				CLANG_ENABLE_MODULES = YES;
				CLANG_ENABLE_OBJC_ARC = YES;
				CLANG_WARN_BOOL_CONVERSION = YES;
				CLANG_WARN_CONSTANT_CONVERSION = YES;
				CLANG_WARN_DIRECT_OBJC_ISA_USAGE = YES_ERROR;
				CLANG_WARN_DOCUMENTATION_COMMENTS = YES;
				CLANG_WARN_EMPTY_BODY = YES;
				CLANG_WARN_ENUM_CONVERSION = YES;
				CLANG_WARN_INFINITE_RECURSION = YES;
				CLANG_WARN_INT_CONVERSION = YES;
				CLANG_WARN_OBJC_ROOT_CLASS = YES_ERROR;
				CLANG_WARN_SUSPICIOUS_MOVE = YES;
				CLANG_WARN_SUSPICIOUS_MOVES = YES;
				CLANG_WARN_UNREACHABLE_CODE = YES;
				CLANG_WARN__DUPLICATE_METHOD_MATCH = YES;
				"CODE_SIGN_IDENTITY[sdk=iphoneos*]" = "iPhone Developer";
				COPY_PHASE_STRIP = NO;
				DEBUG_INFORMATION_FORMAT = "dwarf-with-dsym";
				ENABLE_NS_ASSERTIONS = NO;
				ENABLE_STRICT_OBJC_MSGSEND = YES;
				GCC_C_LANGUAGE_STANDARD = gnu99;
				GCC_NO_COMMON_BLOCKS = YES;
				GCC_WARN_64_TO_32_BIT_CONVERSION = YES;
				GCC_WARN_ABOUT_RETURN_TYPE = YES_ERROR;
				GCC_WARN_UNDECLARED_SELECTOR = YES;
				GCC_WARN_UNINITIALIZED_AUTOS = YES_AGGRESSIVE;
				GCC_WARN_UNUSED_FUNCTION = YES;
				GCC_WARN_UNUSED_VARIABLE = YES;
				IPHONEOS_DEPLOYMENT_TARGET = 10.0;
				MTL_ENABLE_DEBUG_INFO = NO;
				SDKROOT = iphoneos;
				SWIFT_OPTIMIZATION_LEVEL = "-Owholemodule";
				TARGETED_DEVICE_FAMILY = "1,2";
				VALIDATE_PRODUCT = YES;
			};
			name = Release;
		};
		855AFE081D7EB77800BB5AB2 /* Debug */ = {
			isa = XCBuildConfiguration;
			baseConfigurationReference = 5B94DBFF04B5F2748F6EC4DB /* Pods-athic-community.debug.xcconfig */;
			buildSettings = {
				ALWAYS_EMBED_SWIFT_STANDARD_LIBRARIES = YES;
				ASSETCATALOG_COMPILER_APPICON_NAME = AppIcon;
				CODE_SIGN_ENTITLEMENTS = "athic-community/athic-community.entitlements";
				DEVELOPMENT_TEAM = M4FJ98DE97;
				INFOPLIST_FILE = "athic-community/Info.plist";
				LD_RUNPATH_SEARCH_PATHS = "$(inherited) @executable_path/Frameworks";
				PRODUCT_BUNDLE_IDENTIFIER = "Athic.athic-community";
				PRODUCT_NAME = "$(TARGET_NAME)";
				SWIFT_VERSION = 3.0;
			};
			name = Debug;
		};
		855AFE091D7EB77800BB5AB2 /* Release */ = {
			isa = XCBuildConfiguration;
			baseConfigurationReference = FB211A8F522D8CAC0BA6C326 /* Pods-athic-community.release.xcconfig */;
			buildSettings = {
				ALWAYS_EMBED_SWIFT_STANDARD_LIBRARIES = YES;
				ASSETCATALOG_COMPILER_APPICON_NAME = AppIcon;
				CODE_SIGN_ENTITLEMENTS = "athic-community/athic-community.entitlements";
				DEVELOPMENT_TEAM = M4FJ98DE97;
				INFOPLIST_FILE = "athic-community/Info.plist";
				LD_RUNPATH_SEARCH_PATHS = "$(inherited) @executable_path/Frameworks";
				PRODUCT_BUNDLE_IDENTIFIER = "Athic.athic-community";
				PRODUCT_NAME = "$(TARGET_NAME)";
				SWIFT_VERSION = 3.0;
			};
			name = Release;
		};
/* End XCBuildConfiguration section */

/* Begin XCConfigurationList section */
		855AFDF01D7EB77800BB5AB2 /* Build configuration list for PBXProject "athic-community" */ = {
			isa = XCConfigurationList;
			buildConfigurations = (
				855AFE051D7EB77800BB5AB2 /* Debug */,
				855AFE061D7EB77800BB5AB2 /* Release */,
			);
			defaultConfigurationIsVisible = 0;
			defaultConfigurationName = Release;
		};
		855AFE071D7EB77800BB5AB2 /* Build configuration list for PBXNativeTarget "athic-community" */ = {
			isa = XCConfigurationList;
			buildConfigurations = (
				855AFE081D7EB77800BB5AB2 /* Debug */,
				855AFE091D7EB77800BB5AB2 /* Release */,
			);
			defaultConfigurationIsVisible = 0;
			defaultConfigurationName = Release;
		};
/* End XCConfigurationList section */
	};
	rootObject = 855AFDED1D7EB77800BB5AB2 /* Project object */;
}
